{
  "requires": true,
  "lockfileVersion": 1,
  "dependencies": {
    "@nebular/security": {
      "version": "8.0.0",
      "resolved": "https://registry.npmjs.org/@nebular/security/-/security-8.0.0.tgz",
      "integrity": "sha512-ak/kNqGhu9MuPZfKW+JrvXGyI2QslEfjsnQm3KwjAcx+n9JIYpwBwk+aJhS/R+OOnPWYPL7dhxg8lWi1mBZ8GQ=="
    }
  }
}
